
Microsoft Visual Studio Solution File, Format Version 12.00
# Visual Studio 15
VisualStudioVersion = 15.0.28307.489
MinimumVisualStudioVersion = 10.0.40219.1
Project("{FAE04EC0-301F-11D3-BF4B-00C04F79EFBC}") = "TfIdfScratch", "TfIdfScratch\TfIdfScratch.csproj", "{E0359BB0-AC15-49F4-A6BF-5B6051B5453F}"
EndProject
Global
	GlobalSection(SolutionConfigurationPlatforms) = preSolution
		Debug|Any CPU = Debug|Any CPU
		Debug|x64 = Debug|x64
		Release|Any CPU = Release|Any CPU
		Release|x64 = Release|x64
	EndGlobalSection
	GlobalSection(ProjectConfigurationPlatforms) = postSolution
		{E0359BB0-AC15-49F4-A6BF-5B6051B5453F}.Debug|Any CPU.ActiveCfg = Debug|x64
		{E0359BB0-AC15-49F4-A6BF-5B6051B5453F}.Debug|Any CPU.Build.0 = Debug|x64
		{E0359BB0-AC15-49F4-A6BF-5B6051B5453F}.Debug|x64.ActiveCfg = Debug|x64
		{E0359BB0-AC15-49F4-A6BF-5B6051B5453F}.Debug|x64.Build.0 = Debug|x64
		{E0359BB0-AC15-49F4-A6BF-5B6051B5453F}.Release|Any CPU.ActiveCfg = Release|Any CPU
		{E0359BB0-AC15-49F4-A6BF-5B6051B5453F}.Release|Any CPU.Build.0 = Release|Any CPU
		{E0359BB0-AC15-49F4-A6BF-5B6051B5453F}.Release|x64.ActiveCfg = Release|x64
		{E0359BB0-AC15-49F4-A6BF-5B6051B5453F}.Release|x64.Build.0 = Release|x64
	EndGlobalSection
	GlobalSection(SolutionProperties) = preSolution
		HideSolutionNode = FALSE
	EndGlobalSection
	GlobalSection(ExtensibilityGlobals) = postSolution
		SolutionGuid = {2501877B-BC4E-4E04-813E-567102213EA6}
	EndGlobalSection
EndGlobal
